// !$*UTF8*$!
{
	archiveVersion = 1;
	classes = {
	};
	objectVersion = 46;
	objects = {

/* Begin PBXBuildFile section */
		FB00D6571A04FD2B008C794D /* AppDelegate.swift in Sources */ = {isa = PBXBuildFile; fileRef = FB00D6561A04FD2B008C794D /* AppDelegate.swift */; };
		FB00D6591A04FD2B008C794D /* ViewController.swift in Sources */ = {isa = PBXBuildFile; fileRef = FB00D6581A04FD2B008C794D /* ViewController.swift */; };
		FB00D65C1A04FD2B008C794D /* Main.storyboard in Resources */ = {isa = PBXBuildFile; fileRef = FB00D65A1A04FD2B008C794D /* Main.storyboard */; };
		FB00D65E1A04FD2B008C794D /* Images.xcassets in Resources */ = {isa = PBXBuildFile; fileRef = FB00D65D1A04FD2B008C794D /* Images.xcassets */; };
		FB00D6611A04FD2B008C794D /* LaunchScreen.xib in Resources */ = {isa = PBXBuildFile; fileRef = FB00D65F1A04FD2B008C794D /* LaunchScreen.xib */; };
		FB00D66D1A04FD2B008C794D /* CFConverterTests.swift in Sources */ = {isa = PBXBuildFile; fileRef = FB00D66C1A04FD2B008C794D /* CFConverterTests.swift */; };
/* End PBXBuildFile section */

/* Begin PBXContainerItemProxy section */
		FB00D6671A04FD2B008C794D /* PBXContainerItemProxy */ = {
			isa = PBXContainerItemProxy;
			containerPortal = FB00D6491A04FD2B008C794D /* Project object */;
			proxyType = 1;
			remoteGlobalIDString = FB00D6501A04FD2B008C794D;
			remoteInfo = CFConverter;
		};
/* End PBXContainerItemProxy section */

/* Begin PBXFileReference section */
		FB00D6511A04FD2B008C794D /* CFConverter.app */ = {isa = PBXFileReference; explicitFileType = wrapper.application; includeInIndex = 0; path = CFConverter.app; sourceTree = BUILT_PRODUCTS_DIR; };
		FB00D6551A04FD2B008C794D /* Info.plist */ = {isa = PBXFileReference; lastKnownFileType = text.plist.xml; path = Info.plist; sourceTree = "<group>"; };
		FB00D6561A04FD2B008C794D /* AppDelegate.swift */ = {isa = PBXFileReference; lastKnownFileType = sourcecode.swift; path = AppDelegate.swift; sourceTree = "<group>"; };
		FB00D6581A04FD2B008C794D /* ViewController.swift */ = {isa = PBXFileReference; lastKnownFileType = sourcecode.swift; path = ViewController.swift; sourceTree = "<group>"; };
		FB00D65B1A04FD2B008C794D /* Base */ = {isa = PBXFileReference; lastKnownFileType = file.storyboard; name = Base; path = Base.lproj/Main.storyboard; sourceTree = "<group>"; };
		FB00D65D1A04FD2B008C794D /* Images.xcassets */ = {isa = PBXFileReference; lastKnownFileType = folder.assetcatalog; path = Images.xcassets; sourceTree = "<group>"; };
		FB00D6601A04FD2B008C794D /* Base */ = {isa = PBXFileReference; lastKnownFileType = file.xib; name = Base; path = Base.lproj/LaunchScreen.xib; sourceTree = "<group>"; };
		FB00D6661A04FD2B008C794D /* CFConverterTests.xctest */ = {isa = PBXFileReference; explicitFileType = wrapper.cfbundle; includeInIndex = 0; path = CFConverterTests.xctest; sourceTree = BUILT_PRODUCTS_DIR; };
		FB00D66B1A04FD2B008C794D /* Info.plist */ = {isa = PBXFileReference; lastKnownFileType = text.plist.xml; path = Info.plist; sourceTree = "<group>"; };
		FB00D66C1A04FD2B008C794D /* CFConverterTests.swift */ = {isa = PBXFileReference; lastKnownFileType = sourcecode.swift; path = CFConverterTests.swift; sourceTree = "<group>"; };
/* End PBXFileReference section */

/* Begin PBXFrameworksBuildPhase section */
		FB00D64E1A04FD2B008C794D /* Frameworks */ = {
			isa = PBXFrameworksBuildPhase;
			buildActionMask = 2147483647;
			files = (
			);
			runOnlyForDeploymentPostprocessing = 0;
		};
		FB00D6631A04FD2B008C794D /* Frameworks */ = {
			isa = PBXFrameworksBuildPhase;
			buildActionMask = 2147483647;
			files = (
			);
			runOnlyForDeploymentPostprocessing = 0;
		};
/* End PBXFrameworksBuildPhase section */

/* Begin PBXGroup section */
		FB00D6481A04FD2B008C794D = {
			isa = PBXGroup;
			children = (
				FB00D6531A04FD2B008C794D /* CFConverter */,
				FB00D6691A04FD2B008C794D /* CFConverterTests */,
				FB00D6521A04FD2B008C794D /* Products */,
			);
			sourceTree = "<group>";
		};
		FB00D6521A04FD2B008C794D /* Products */ = {
			isa = PBXGroup;
			children = (
				FB00D6511A04FD2B008C794D /* CFConverter.app */,
				FB00D6661A04FD2B008C794D /* CFConverterTests.xctest */,
			);
			name = Products;
			sourceTree = "<group>";
		};
		FB00D6531A04FD2B008C794D /* CFConverter */ = {
			isa = PBXGroup;
			children = (
				FB00D6561A04FD2B008C794D /* AppDelegate.swift */,
				FB00D6581A04FD2B008C794D /* ViewController.swift */,
				FB00D65A1A04FD2B008C794D /* Main.storyboard */,
				FB00D65D1A04FD2B008C794D /* Images.xcassets */,
				FB00D65F1A04FD2B008C794D /* LaunchScreen.xib */,
				FB00D6541A04FD2B008C794D /* Supporting Files */,
			);
			path = CFConverter;
			sourceTree = "<group>";
		};
		FB00D6541A04FD2B008C794D /* Supporting Files */ = {
			isa = PBXGroup;
			children = (
				FB00D6551A04FD2B008C794D /* Info.plist */,
			);
			name = "Supporting Files";
			sourceTree = "<group>";
		};
		FB00D6691A04FD2B008C794D /* CFConverterTests */ = {
			isa = PBXGroup;
			children = (
				FB00D66C1A04FD2B008C794D /* CFConverterTests.swift */,
				FB00D66A1A04FD2B008C794D /* Supporting Files */,
			);
			path = CFConverterTests;
			sourceTree = "<group>";
		};
		FB00D66A1A04FD2B008C794D /* Supporting Files */ = {
			isa = PBXGroup;
			children = (
				FB00D66B1A04FD2B008C794D /* Info.plist */,
			);
			name = "Supporting Files";
			sourceTree = "<group>";
		};
/* End PBXGroup section */

/* Begin PBXNativeTarget section */
		FB00D6501A04FD2B008C794D /* CFConverter */ = {
			isa = PBXNativeTarget;
			buildConfigurationList = FB00D6701A04FD2B008C794D /* Build configuration list for PBXNativeTarget "CFConverter" */;
			buildPhases = (
				FB00D64D1A04FD2B008C794D /* Sources */,
				FB00D64E1A04FD2B008C794D /* Frameworks */,
				FB00D64F1A04FD2B008C794D /* Resources */,
			);
			buildRules = (
			);
			dependencies = (
			);
			name = CFConverter;
			productName = CFConverter;
			productReference = FB00D6511A04FD2B008C794D /* CFConverter.app */;
			productType = "com.apple.product-type.application";
		};
		FB00D6651A04FD2B008C794D /* CFConverterTests */ = {
			isa = PBXNativeTarget;
			buildConfigurationList = FB00D6731A04FD2B008C794D /* Build configuration list for PBXNativeTarget "CFConverterTests" */;
			buildPhases = (
				FB00D6621A04FD2B008C794D /* Sources */,
				FB00D6631A04FD2B008C794D /* Frameworks */,
				FB00D6641A04FD2B008C794D /* Resources */,
			);
			buildRules = (
			);
			dependencies = (
				FB00D6681A04FD2B008C794D /* PBXTargetDependency */,
			);
			name = CFConverterTests;
			productName = CFConverterTests;
			productReference = FB00D6661A04FD2B008C794D /* CFConverterTests.xctest */;
			productType = "com.apple.product-type.bundle.unit-test";
		};
/* End PBXNativeTarget section */

/* Begin PBXProject section */
		FB00D6491A04FD2B008C794D /* Project object */ = {
			isa = PBXProject;
			attributes = {
				LastUpgradeCheck = 0610;
				ORGANIZATIONNAME = "Hongsun Yoon, M.D.";
				TargetAttributes = {
					FB00D6501A04FD2B008C794D = {
						CreatedOnToolsVersion = 6.1;
					};
					FB00D6651A04FD2B008C794D = {
						CreatedOnToolsVersion = 6.1;
						TestTargetID = FB00D6501A04FD2B008C794D;
					};
				};
			};
			buildConfigurationList = FB00D64C1A04FD2B008C794D /* Build configuration list for PBXProject "CFConverter" */;
			compatibilityVersion = "Xcode 3.2";
			developmentRegion = English;
			hasScannedForEncodings = 0;
			knownRegions = (
				en,
				Base,
			);
			mainGroup = FB00D6481A04FD2B008C794D;
			productRefGroup = FB00D6521A04FD2B008C794D /* Products */;
			projectDirPath = "";
			projectRoot = "";
			targets = (
				FB00D6501A04FD2B008C794D /* CFConverter */,
				FB00D6651A04FD2B008C794D /* CFConverterTests */,
			);
		};
/* End PBXProject section */

/* Begin PBXResourcesBuildPhase section */
		FB00D64F1A04FD2B008C794D /* Resources */ = {
			isa = PBXResourcesBuildPhase;
			buildActionMask = 2147483647;
			files = (
				FB00D65C1A04FD2B008C794D /* Main.storyboard in Resources */,
				FB00D6611A04FD2B008C794D /* LaunchScreen.xib in Resources */,
				FB00D65E1A04FD2B008C794D /* Images.xcassets in Resources */,
			);
			runOnlyForDeploymentPostprocessing = 0;
		};
		FB00D6641A04FD2B008C794D /* Resources */ = {
			isa = PBXResourcesBuildPhase;
			buildActionMask = 2147483647;
			files = (
			);
			runOnlyForDeploymentPostprocessing = 0;
		};
/* End PBXResourcesBuildPhase section */

/* Begin PBXSourcesBuildPhase section */
		FB00D64D1A04FD2B008C794D /* Sources */ = {
			isa = PBXSourcesBuildPhase;
			buildActionMask = 2147483647;
			files = (
				FB00D6591A04FD2B008C794D /* ViewController.swift in Sources */,
				FB00D6571A04FD2B008C794D /* AppDelegate.swift in Sources */,
			);
			runOnlyForDeploymentPostprocessing = 0;
		};
		FB00D6621A04FD2B008C794D /* Sources */ = {
			isa = PBXSourcesBuildPhase;
			buildActionMask = 2147483647;
			files = (
				FB00D66D1A04FD2B008C794D /* CFConverterTests.swift in Sources */,
			);
			runOnlyForDeploymentPostprocessing = 0;
		};
/* End PBXSourcesBuildPhase section */

/* Begin PBXTargetDependency section */
		FB00D6681A04FD2B008C794D /* PBXTargetDependency */ = {
			isa = PBXTargetDependency;
			target = FB00D6501A04FD2B008C794D /* CFConverter */;
			targetProxy = FB00D6671A04FD2B008C794D /* PBXContainerItemProxy */;
		};
/* End PBXTargetDependency section */

/* Begin PBXVariantGroup section */
		FB00D65A1A04FD2B008C794D /* Main.storyboard */ = {
			isa = PBXVariantGroup;
			children = (
				FB00D65B1A04FD2B008C794D /* Base */,
			);
			name = Main.storyboard;
			sourceTree = "<group>";
		};
		FB00D65F1A04FD2B008C794D /* LaunchScreen.xib */ = {
			isa = PBXVariantGroup;
			children = (
				FB00D6601A04FD2B008C794D /* Base */,
			);
			name = LaunchScreen.xib;
			sourceTree = "<group>";
		};
/* End PBXVariantGroup section */

/* Begin XCBuildConfiguration section */
		FB00D66E1A04FD2B008C794D /* Debug */ = {
			isa = XCBuildConfiguration;
			buildSettings = {
				ALWAYS_SEARCH_USER_PATHS = NO;
				CLANG_CXX_LANGUAGE_STANDARD = "gnu++0x";
				CLANG_CXX_LIBRARY = "libc++";
				CLANG_ENABLE_MODULES = YES;
				CLANG_ENABLE_OBJC_ARC = YES;
				CLANG_WARN_BOOL_CONVERSION = YES;
				CLANG_WARN_CONSTANT_CONVERSION = YES;
				CLANG_WARN_DIRECT_OBJC_ISA_USAGE = YES_ERROR;
				CLANG_WARN_EMPTY_BODY = YES;
				CLANG_WARN_ENUM_CONVERSION = YES;
				CLANG_WARN_INT_CONVERSION = YES;
				CLANG_WARN_OBJC_ROOT_CLASS = YES_ERROR;
				CLANG_WARN_UNREACHABLE_CODE = YES;
				CLANG_WARN__DUPLICATE_METHOD_MATCH = YES;
				"CODE_SIGN_IDENTITY[sdk=iphoneos*]" = "iPhone Developer";
				COPY_PHASE_STRIP = NO;
				ENABLE_STRICT_OBJC_MSGSEND = YES;
				GCC_C_LANGUAGE_STANDARD = gnu99;
				GCC_DYNAMIC_NO_PIC = NO;
				GCC_OPTIMIZATION_LEVEL = 0;
				GCC_PREPROCESSOR_DEFINITIONS = (
					"DEBUG=1",
					"$(inherited)",
				);
				GCC_SYMBOLS_PRIVATE_EXTERN = NO;
				GCC_WARN_64_TO_32_BIT_CONVERSION = YES;
				GCC_WARN_ABOUT_RETURN_TYPE = YES_ERROR;
				GCC_WARN_UNDECLARED_SELECTOR = YES;
				GCC_WARN_UNINITIALIZED_AUTOS = YES_AGGRESSIVE;
				GCC_WARN_UNUSED_FUNCTION = YES;
				GCC_WARN_UNUSED_VARIABLE = YES;
				IPHONEOS_DEPLOYMENT_TARGET = 8.1;
				MTL_ENABLE_DEBUG_INFO = YES;
				ONLY_ACTIVE_ARCH = YES;
				SDKROOT = iphoneos;
				SWIFT_OPTIMIZATION_LEVEL = "-Onone";
				TARGETED_DEVICE_FAMILY = "1,2";
			};
			name = Debug;
		};
		FB00D66F1A04FD2B008C794D /* Release */ = {
			isa = XCBuildConfiguration;
			buildSettings = {
				ALWAYS_SEARCH_USER_PATHS = NO;
				CLANG_CXX_LANGUAGE_STANDARD = "gnu++0x";
				CLANG_CXX_LIBRARY = "libc++";
				CLANG_ENABLE_MODULES = YES;
				CLANG_ENABLE_OBJC_ARC = YES;
				CLANG_WARN_BOOL_CONVERSION = YES;
				CLANG_WARN_CONSTANT_CONVERSION = YES;
				CLANG_WARN_DIRECT_OBJC_ISA_USAGE = YES_ERROR;
				CLANG_WARN_EMPTY_BODY = YES;
				CLANG_WARN_ENUM_CONVERSION = YES;
				CLANG_WARN_INT_CONVERSION = YES;
				CLANG_WARN_OBJC_ROOT_CLASS = YES_ERROR;
				CLANG_WARN_UNREACHABLE_CODE = YES;
				CLANG_WARN__DUPLICATE_METHOD_MATCH = YES;
				"CODE_SIGN_IDENTITY[sdk=iphoneos*]" = "iPhone Developer";
				COPY_PHASE_STRIP = YES;
				ENABLE_NS_ASSERTIONS = NO;
				ENABLE_STRICT_OBJC_MSGSEND = YES;
				GCC_C_LANGUAGE_STANDARD = gnu99;
				GCC_WARN_64_TO_32_BIT_CONVERSION = YES;
				GCC_WARN_ABOUT_RETURN_TYPE = YES_ERROR;
				GCC_WARN_UNDECLARED_SELECTOR = YES;
				GCC_WARN_UNINITIALIZED_AUTOS = YES_AGGRESSIVE;
				GCC_WARN_UNUSED_FUNCTION = YES;
				GCC_WARN_UNUSED_VARIABLE = YES;
				IPHONEOS_DEPLOYMENT_TARGET = 8.1;
				MTL_ENABLE_DEBUG_INFO = NO;
				SDKROOT = iphoneos;
				TARGETED_DEVICE_FAMILY = "1,2";
				VALIDATE_PRODUCT = YES;
			};
			name = Release;
		};
		FB00D6711A04FD2B008C794D /* Debug */ = {
			isa = XCBuildConfiguration;
			buildSettings = {
				ASSETCATALOG_COMPILER_APPICON_NAME = AppIcon;
				INFOPLIST_FILE = CFConverter/Info.plist;
				LD_RUNPATH_SEARCH_PATHS = "$(inherited) @executable_path/Frameworks";
				PRODUCT_NAME = "$(TARGET_NAME)";
			};
			name = Debug;
		};
		FB00D6721A04FD2B008C794D /* Release */ = {
			isa = XCBuildConfiguration;
			buildSettings = {
				ASSETCATALOG_COMPILER_APPICON_NAME = AppIcon;
				INFOPLIST_FILE = CFConverter/Info.plist;
				LD_RUNPATH_SEARCH_PATHS = "$(inherited) @executable_path/Frameworks";
				PRODUCT_NAME = "$(TARGET_NAME)";
			};
			name = Release;
		};
		FB00D6741A04FD2B008C794D /* Debug */ = {
			isa = XCBuildConfiguration;
			buildSettings = {
				BUNDLE_LOADER = "$(TEST_HOST)";
				FRAMEWORK_SEARCH_PATHS = (
					"$(SDKROOT)/Developer/Library/Frameworks",
					"$(inherited)",
				);
				GCC_PREPROCESSOR_DEFINITIONS = (
					"DEBUG=1",
					"$(inherited)",
				);
				INFOPLIST_FILE = CFConverterTests/Info.plist;
				LD_RUNPATH_SEARCH_PATHS = "$(inherited) @executable_path/Frameworks @loader_path/Frameworks";
				PRODUCT_NAME = "$(TARGET_NAME)";
				TEST_HOST = "$(BUILT_PRODUCTS_DIR)/CFConverter.app/CFConverter";
			};
			name = Debug;
		};
		FB00D6751A04FD2B008C794D /* Release */ = {
			isa = XCBuildConfiguration;
			buildSettings = {
				BUNDLE_LOADER = "$(TEST_HOST)";
				FRAMEWORK_SEARCH_PATHS = (
					"$(SDKROOT)/Developer/Library/Frameworks",
					"$(inherited)",
				);
				INFOPLIST_FILE = CFConverterTests/Info.plist;
				LD_RUNPATH_SEARCH_PATHS = "$(inherited) @executable_path/Frameworks @loader_path/Frameworks";
				PRODUCT_NAME = "$(TARGET_NAME)";
				TEST_HOST = "$(BUILT_PRODUCTS_DIR)/CFConverter.app/CFConverter";
			};
			name = Release;
		};
/* End XCBuildConfiguration section */

/* Begin XCConfigurationList section */
		FB00D64C1A04FD2B008C794D /* Build configuration list for PBXProject "CFConverter" */ = {
			isa = XCConfigurationList;
			buildConfigurations = (
				FB00D66E1A04FD2B008C794D /* Debug */,
				FB00D66F1A04FD2B008C794D /* Release */,
			);
			defaultConfigurationIsVisible = 0;
			defaultConfigurationName = Release;
		};
		FB00D6701A04FD2B008C794D /* Build configuration list for PBXNativeTarget "CFConverter" */ = {
			isa = XCConfigurationList;
			buildConfigurations = (
				FB00D6711A04FD2B008C794D /* Debug */,
				FB00D6721A04FD2B008C794D /* Release */,
			);
			defaultConfigurationIsVisible = 0;
		};
		FB00D6731A04FD2B008C794D /* Build configuration list for PBXNativeTarget "CFConverterTests" */ = {
			isa = XCConfigurationList;
			buildConfigurations = (
				FB00D6741A04FD2B008C794D /* Debug */,
				FB00D6751A04FD2B008C794D /* Release */,
			);
			defaultConfigurationIsVisible = 0;
		};
/* End XCConfigurationList section */
	};
	rootObject = FB00D6491A04FD2B008C794D /* Project object */;
}
